// !$*UTF8*$!
{
	archiveVersion = 1;
	classes = {
	};
	objectVersion = 77;
	objects = {

/* Begin PBXBuildFile section */
		C1D2E3F405162738495A6B7C /* NoctweaveCore in Frameworks */ = {isa = PBXBuildFile; productRef = B1C2D3E4F5061728394A5B6C /* NoctweaveCore */; };
		D1A000000000000000000001 /* Noctweave Sync Activity.appex in Embed Foundation Extensions */ = {isa = PBXBuildFile; fileRef = D1A000000000000000000002 /* Noctweave Sync Activity.appex */; platformFilter = ios; settings = {ATTRIBUTES = (RemoveHeadersOnCopy, ); }; };
		D1A00000000000000000000F /* NoctweaveCore in Frameworks */ = {isa = PBXBuildFile; productRef = B1C2D3E4F5061728394A5B6C /* NoctweaveCore */; };
/* End PBXBuildFile section */

/* Begin PBXContainerItemProxy section */
		9E5F1C5B2C0A4C009A00000B /* PBXContainerItemProxy */ = {
			isa = PBXContainerItemProxy;
			containerPortal = 256683552F00A4F0006D96F3 /* Project object */;
			proxyType = 1;
			remoteGlobalIDString = 2566835C2F00A4F0006D96F3;
			remoteInfo = Noctweave;
		};
		9E5F1C5B2C0A4C009A00001B /* PBXContainerItemProxy */ = {
			isa = PBXContainerItemProxy;
			containerPortal = 256683552F00A4F0006D96F3 /* Project object */;
			proxyType = 1;
			remoteGlobalIDString = 2566835C2F00A4F0006D96F3;
			remoteInfo = Noctweave;
		};
		D1A00000000000000000000D /* PBXContainerItemProxy */ = {
			isa = PBXContainerItemProxy;
			containerPortal = 256683552F00A4F0006D96F3 /* Project object */;
			proxyType = 1;
			remoteGlobalIDString = D1A000000000000000000008;
			remoteInfo = "Noctweave Sync Activity";
		};
/* End PBXContainerItemProxy section */

/* Begin PBXCopyFilesBuildPhase section */
		D1A000000000000000000007 /* Embed Foundation Extensions */ = {
			isa = PBXCopyFilesBuildPhase;
			buildActionMask = 2147483647;
			dstPath = "";
			dstSubfolderSpec = 13;
			files = (
				D1A000000000000000000001 /* Noctweave Sync Activity.appex in Embed Foundation Extensions */,
			);
			name = "Embed Foundation Extensions";
			runOnlyForDeploymentPostprocessing = 0;
		};
/* End PBXCopyFilesBuildPhase section */

/* Begin PBXFileReference section */
		2566835D2F00A4F0006D96F3 /* Noctweave.app */ = {isa = PBXFileReference; explicitFileType = wrapper.application; includeInIndex = 0; path = Noctweave.app; sourceTree = BUILT_PRODUCTS_DIR; };
		9E5F1C5B2C0A4C009A000001 /* NoctweaveUITests.xctest */ = {isa = PBXFileReference; explicitFileType = wrapper.cfbundle; includeInIndex = 0; path = NoctweaveUITests.xctest; sourceTree = BUILT_PRODUCTS_DIR; };
		9E5F1C5B2C0A4C009A000011 /* NoctweaveUITests_iOS.xctest */ = {isa = PBXFileReference; explicitFileType = wrapper.cfbundle; includeInIndex = 0; path = NoctweaveUITests_iOS.xctest; sourceTree = BUILT_PRODUCTS_DIR; };
		D1A000000000000000000002 /* Noctweave Sync Activity.appex */ = {isa = PBXFileReference; explicitFileType = "wrapper.app-extension"; includeInIndex = 0; path = "Noctweave Sync Activity.appex"; sourceTree = BUILT_PRODUCTS_DIR; };
/* End PBXFileReference section */

/* Begin PBXFileSystemSynchronizedBuildFileExceptionSet section */
		A9F000000000000000000001 /* Clean architecture app target exclusions */ = {
			isa = PBXFileSystemSynchronizedBuildFileExceptionSet;
			membershipExceptions = (
				ActionPinPlanEditorView.swift,
				AppLockView.swift,
				AttachmentStore.swift,
				CiphertextPrefetchIntent.swift,
				CiphertextPrefetchRunner.swift,
				CiphertextPrefetchStore.swift,
				ClientLegalDocumentsView.swift,
				FirstRunSetupView.swift,
				IdentityBurnView.swift,
				NoctweaveAppDelegate.swift,
				NoctweaveIOSAppDelegate.swift,
				NoctweaveSyncDashboardController.swift,
				NoctweaveSyncWidgetSnapshot.swift,
				NoctweaveTopBar.swift,
				NotificationManager.swift,
				PinEntryComponents.swift,
				PinSetupView.swift,
				PlatformModalPresentation.swift,
				ScreenProtectionMonitor.swift,
				StorageChoiceView.swift,
				SystemCameraPickerView.swift,
				ThreadMessageStore.swift,
			);
			target = 2566835C2F00A4F0006D96F3 /* Noctweave */;
		};
		D1A00000000000000000000E /* Exceptions for "Noctweave Sync Activity" folder in "Noctweave Sync Activity" target */ = {
			isa = PBXFileSystemSynchronizedBuildFileExceptionSet;
			membershipExceptions = (
				Info.plist,
			);
			target = D1A000000000000000000008 /* Noctweave Sync Activity */;
		};
/* End PBXFileSystemSynchronizedBuildFileExceptionSet section */

/* Begin PBXFileSystemSynchronizedRootGroup section */
		2566835F2F00A4F0006D96F3 /* Noctweave Messaging Client */ = {
			isa = PBXFileSystemSynchronizedRootGroup;
			exceptions = (
				A9F000000000000000000001 /* Clean architecture app target exclusions */,
			);
			path = "Noctweave Messaging Client";
			sourceTree = "<group>";
		};
		9E5F1C5B2C0A4C009A000002 /* Noctweave Messaging ClientUITests */ = {
			isa = PBXFileSystemSynchronizedRootGroup;
			path = "Noctweave Messaging ClientUITests";
			sourceTree = "<group>";
		};
		9E5F1C5B2C0A4C009A000012 /* Noctweave Messaging ClientUITests_iOS */ = {
			isa = PBXFileSystemSynchronizedRootGroup;
			path = "Noctweave Messaging ClientUITests_iOS";
			sourceTree = "<group>";
		};
		D1A000000000000000000003 /* Noctweave Sync Activity */ = {
			isa = PBXFileSystemSynchronizedRootGroup;
			exceptions = (
				D1A00000000000000000000E /* Exceptions for "Noctweave Sync Activity" folder in "Noctweave Sync Activity" target */,
			);
			path = "Noctweave Sync Activity";
			sourceTree = "<group>";
		};
/* End PBXFileSystemSynchronizedRootGroup section */

/* Begin PBXFrameworksBuildPhase section */
		2566835A2F00A4F0006D96F3 /* Frameworks */ = {
			isa = PBXFrameworksBuildPhase;
			buildActionMask = 2147483647;
			files = (
				C1D2E3F405162738495A6B7C /* NoctweaveCore in Frameworks */,
			);
			runOnlyForDeploymentPostprocessing = 0;
		};
		9E5F1C5B2C0A4C009A000006 /* Frameworks */ = {
			isa = PBXFrameworksBuildPhase;
			buildActionMask = 2147483647;
			files = (
			);
			runOnlyForDeploymentPostprocessing = 0;
		};
		9E5F1C5B2C0A4C009A000016 /* Frameworks */ = {
			isa = PBXFrameworksBuildPhase;
			buildActionMask = 2147483647;
			files = (
			);
			runOnlyForDeploymentPostprocessing = 0;
		};
		D1A000000000000000000004 /* Frameworks */ = {
			isa = PBXFrameworksBuildPhase;
			buildActionMask = 2147483647;
			files = (
				D1A00000000000000000000F /* NoctweaveCore in Frameworks */,
			);
			runOnlyForDeploymentPostprocessing = 0;
		};
/* End PBXFrameworksBuildPhase section */

/* Begin PBXGroup section */
		256683542F00A4F0006D96F3 = {
			isa = PBXGroup;
			children = (
				2566835F2F00A4F0006D96F3 /* Noctweave Messaging Client */,
				D1A000000000000000000003 /* Noctweave Sync Activity */,
				9E5F1C5B2C0A4C009A000002 /* Noctweave Messaging ClientUITests */,
				9E5F1C5B2C0A4C009A000012 /* Noctweave Messaging ClientUITests_iOS */,
				2566835E2F00A4F0006D96F3 /* Products */,
			);
			sourceTree = "<group>";
		};
		2566835E2F00A4F0006D96F3 /* Products */ = {
			isa = PBXGroup;
			children = (
				2566835D2F00A4F0006D96F3 /* Noctweave.app */,
				D1A000000000000000000002 /* Noctweave Sync Activity.appex */,
				9E5F1C5B2C0A4C009A000001 /* NoctweaveUITests.xctest */,
				9E5F1C5B2C0A4C009A000011 /* NoctweaveUITests_iOS.xctest */,
			);
			name = Products;
			sourceTree = "<group>";
		};
/* End PBXGroup section */

/* Begin PBXNativeTarget section */
		2566835C2F00A4F0006D96F3 /* Noctweave */ = {
			isa = PBXNativeTarget;
			buildConfigurationList = 256683682F00A4F1006D96F3 /* Build configuration list for PBXNativeTarget "Noctweave" */;
			buildPhases = (
				256683592F00A4F0006D96F3 /* Sources */,
				2566835A2F00A4F0006D96F3 /* Frameworks */,
				2566835B2F00A4F0006D96F3 /* Resources */,
				D1A000000000000000000007 /* Embed Foundation Extensions */,
			);
			buildRules = (
			);
			dependencies = (
				D1A00000000000000000000C /* PBXTargetDependency */,
			);
			fileSystemSynchronizedGroups = (
				2566835F2F00A4F0006D96F3 /* Noctweave Messaging Client */,
			);
			name = Noctweave;
			packageProductDependencies = (
				B1C2D3E4F5061728394A5B6C /* NoctweaveCore */,
			);
			productName = Noctweave;
			productReference = 2566835D2F00A4F0006D96F3 /* Noctweave.app */;
			productType = "com.apple.product-type.application";
		};
		9E5F1C5B2C0A4C009A000003 /* NoctweaveUITests */ = {
			isa = PBXNativeTarget;
			buildConfigurationList = 9E5F1C5B2C0A4C009A000009 /* Build configuration list for PBXNativeTarget "NoctweaveUITests" */;
			buildPhases = (
				9E5F1C5B2C0A4C009A000004 /* Sources */,
				9E5F1C5B2C0A4C009A000006 /* Frameworks */,
				9E5F1C5B2C0A4C009A000005 /* Resources */,
			);
			buildRules = (
			);
			dependencies = (
				9E5F1C5B2C0A4C009A00000A /* PBXTargetDependency */,
			);
			fileSystemSynchronizedGroups = (
				9E5F1C5B2C0A4C009A000002 /* Noctweave Messaging ClientUITests */,
			);
			name = NoctweaveUITests;
			productName = NoctweaveUITests;
			productReference = 9E5F1C5B2C0A4C009A000001 /* NoctweaveUITests.xctest */;
			productType = "com.apple.product-type.bundle.ui-testing";
		};
		9E5F1C5B2C0A4C009A000013 /* NoctweaveUITests_iOS */ = {
			isa = PBXNativeTarget;
			buildConfigurationList = 9E5F1C5B2C0A4C009A000019 /* Build configuration list for PBXNativeTarget "NoctweaveUITests_iOS" */;
			buildPhases = (
				9E5F1C5B2C0A4C009A000014 /* Sources */,
				9E5F1C5B2C0A4C009A000016 /* Frameworks */,
				9E5F1C5B2C0A4C009A000015 /* Resources */,
			);
			buildRules = (
			);
			dependencies = (
				9E5F1C5B2C0A4C009A00001A /* PBXTargetDependency */,
			);
			fileSystemSynchronizedGroups = (
				9E5F1C5B2C0A4C009A000012 /* Noctweave Messaging ClientUITests_iOS */,
			);
			name = NoctweaveUITests_iOS;
			productName = NoctweaveUITests_iOS;
			productReference = 9E5F1C5B2C0A4C009A000011 /* NoctweaveUITests_iOS.xctest */;
			productType = "com.apple.product-type.bundle.ui-testing";
		};
		D1A000000000000000000008 /* Noctweave Sync Activity */ = {
			isa = PBXNativeTarget;
			buildConfigurationList = D1A000000000000000000009 /* Build configuration list for PBXNativeTarget "Noctweave Sync Activity" */;
			buildPhases = (
				D1A000000000000000000006 /* Sources */,
				D1A000000000000000000004 /* Frameworks */,
				D1A000000000000000000005 /* Resources */,
			);
			buildRules = (
			);
			dependencies = (
			);
			fileSystemSynchronizedGroups = (
				D1A000000000000000000003 /* Noctweave Sync Activity */,
			);
			name = "Noctweave Sync Activity";
			packageProductDependencies = (
				B1C2D3E4F5061728394A5B6C /* NoctweaveCore */,
			);
			productName = "Noctweave Sync Activity";
			productReference = D1A000000000000000000002 /* Noctweave Sync Activity.appex */;
			productType = "com.apple.product-type.app-extension";
		};
/* End PBXNativeTarget section */

/* Begin PBXProject section */
		256683552F00A4F0006D96F3 /* Project object */ = {
			isa = PBXProject;
			attributes = {
				BuildIndependentTargetsInParallel = 1;
				LastSwiftUpdateCheck = 2600;
				LastUpgradeCheck = 2660;
				TargetAttributes = {
					2566835C2F00A4F0006D96F3 = {
						CreatedOnToolsVersion = 26.0.1;
					};
					9E5F1C5B2C0A4C009A000003 = {
						CreatedOnToolsVersion = 26.0.1;
						TestTargetID = 2566835C2F00A4F0006D96F3;
					};
					9E5F1C5B2C0A4C009A000013 = {
						CreatedOnToolsVersion = 26.0.1;
						TestTargetID = 2566835C2F00A4F0006D96F3;
					};
					D1A000000000000000000008 = {
						CreatedOnToolsVersion = 26.0.1;
					};
				};
			};
			buildConfigurationList = 256683582F00A4F0006D96F3 /* Build configuration list for PBXProject "Noctweave Messaging Client" */;
			developmentRegion = en;
			hasScannedForEncodings = 0;
			knownRegions = (
				en,
				Base,
			);
			mainGroup = 256683542F00A4F0006D96F3;
			minimizedProjectReferenceProxies = 1;
			packageReferences = (
				A1B2C3D4E5F60718293A4B5C /* XCLocalSwiftPackageReference "../NoctweaveCore" */,
			);
			preferredProjectObjectVersion = 77;
			productRefGroup = 2566835E2F00A4F0006D96F3 /* Products */;
			projectDirPath = "";
			projectRoot = "";
			targets = (
				2566835C2F00A4F0006D96F3 /* Noctweave */,
				D1A000000000000000000008 /* Noctweave Sync Activity */,
				9E5F1C5B2C0A4C009A000003 /* NoctweaveUITests */,
				9E5F1C5B2C0A4C009A000013 /* NoctweaveUITests_iOS */,
			);
		};
/* End PBXProject section */

/* Begin PBXResourcesBuildPhase section */
		2566835B2F00A4F0006D96F3 /* Resources */ = {
			isa = PBXResourcesBuildPhase;
			buildActionMask = 2147483647;
			files = (
			);
			runOnlyForDeploymentPostprocessing = 0;
		};
		9E5F1C5B2C0A4C009A000005 /* Resources */ = {
			isa = PBXResourcesBuildPhase;
			buildActionMask = 2147483647;
			files = (
			);
			runOnlyForDeploymentPostprocessing = 0;
		};
		9E5F1C5B2C0A4C009A000015 /* Resources */ = {
			isa = PBXResourcesBuildPhase;
			buildActionMask = 2147483647;
			files = (
			);
			runOnlyForDeploymentPostprocessing = 0;
		};
		D1A000000000000000000005 /* Resources */ = {
			isa = PBXResourcesBuildPhase;
			buildActionMask = 2147483647;
			files = (
			);
			runOnlyForDeploymentPostprocessing = 0;
		};
/* End PBXResourcesBuildPhase section */

/* Begin PBXSourcesBuildPhase section */
		256683592F00A4F0006D96F3 /* Sources */ = {
			isa = PBXSourcesBuildPhase;
			buildActionMask = 2147483647;
			files = (
			);
			runOnlyForDeploymentPostprocessing = 0;
		};
		9E5F1C5B2C0A4C009A000004 /* Sources */ = {
			isa = PBXSourcesBuildPhase;
			buildActionMask = 2147483647;
			files = (
			);
			runOnlyForDeploymentPostprocessing = 0;
		};
		9E5F1C5B2C0A4C009A000014 /* Sources */ = {
			isa = PBXSourcesBuildPhase;
			buildActionMask = 2147483647;
			files = (
			);
			runOnlyForDeploymentPostprocessing = 0;
		};
		D1A000000000000000000006 /* Sources */ = {
			isa = PBXSourcesBuildPhase;
			buildActionMask = 2147483647;
			files = (
			);
			runOnlyForDeploymentPostprocessing = 0;
		};
/* End PBXSourcesBuildPhase section */

/* Begin PBXTargetDependency section */
		9E5F1C5B2C0A4C009A00000A /* PBXTargetDependency */ = {
			isa = PBXTargetDependency;
			target = 2566835C2F00A4F0006D96F3 /* Noctweave */;
			targetProxy = 9E5F1C5B2C0A4C009A00000B /* PBXContainerItemProxy */;
		};
		9E5F1C5B2C0A4C009A00001A /* PBXTargetDependency */ = {
			isa = PBXTargetDependency;
			target = 2566835C2F00A4F0006D96F3 /* Noctweave */;
			targetProxy = 9E5F1C5B2C0A4C009A00001B /* PBXContainerItemProxy */;
		};
		D1A00000000000000000000C /* PBXTargetDependency */ = {
			isa = PBXTargetDependency;
			platformFilter = ios;
			target = D1A000000000000000000008 /* Noctweave Sync Activity */;
			targetProxy = D1A00000000000000000000D /* PBXContainerItemProxy */;
		};
/* End PBXTargetDependency section */

/* Begin XCBuildConfiguration section */
		256683662F00A4F1006D96F3 /* Debug */ = {
			isa = XCBuildConfiguration;
			buildSettings = {
				ALWAYS_SEARCH_USER_PATHS = NO;
				ASSETCATALOG_COMPILER_GENERATE_SWIFT_ASSET_SYMBOL_EXTENSIONS = YES;
				CLANG_ANALYZER_NONNULL = YES;
				CLANG_ANALYZER_NUMBER_OBJECT_CONVERSION = YES_AGGRESSIVE;
				CLANG_CXX_LANGUAGE_STANDARD = "gnu++20";
				CLANG_ENABLE_MODULES = YES;
				CLANG_ENABLE_OBJC_ARC = YES;
				CLANG_ENABLE_OBJC_WEAK = YES;
				CLANG_WARN_BLOCK_CAPTURE_AUTORELEASING = YES;
				CLANG_WARN_BOOL_CONVERSION = YES;
				CLANG_WARN_COMMA = YES;
				CLANG_WARN_CONSTANT_CONVERSION = YES;
				CLANG_WARN_DEPRECATED_OBJC_IMPLEMENTATIONS = YES;
				CLANG_WARN_DIRECT_OBJC_ISA_USAGE = YES_ERROR;
				CLANG_WARN_DOCUMENTATION_COMMENTS = YES;
				CLANG_WARN_EMPTY_BODY = YES;
				CLANG_WARN_ENUM_CONVERSION = YES;
				CLANG_WARN_INFINITE_RECURSION = YES;
				CLANG_WARN_INT_CONVERSION = YES;
				CLANG_WARN_NON_LITERAL_NULL_CONVERSION = YES;
				CLANG_WARN_OBJC_IMPLICIT_RETAIN_SELF = YES;
				CLANG_WARN_OBJC_LITERAL_CONVERSION = YES;
				CLANG_WARN_OBJC_ROOT_CLASS = YES_ERROR;
				CLANG_WARN_QUOTED_INCLUDE_IN_FRAMEWORK_HEADER = YES;
				CLANG_WARN_RANGE_LOOP_ANALYSIS = YES;
				CLANG_WARN_STRICT_PROTOTYPES = YES;
				CLANG_WARN_SUSPICIOUS_MOVE = YES;
				CLANG_WARN_UNGUARDED_AVAILABILITY = YES_AGGRESSIVE;
				CLANG_WARN_UNREACHABLE_CODE = YES;
				CLANG_WARN__DUPLICATE_METHOD_MATCH = YES;
				COPY_PHASE_STRIP = NO;
				DEAD_CODE_STRIPPING = YES;
				DEBUG_INFORMATION_FORMAT = dwarf;
				DEVELOPMENT_TEAM = 9MY7SXN56X;
				ENABLE_STRICT_OBJC_MSGSEND = YES;
				ENABLE_TESTABILITY = YES;
				ENABLE_USER_SCRIPT_SANDBOXING = YES;
				GCC_C_LANGUAGE_STANDARD = gnu17;
				GCC_DYNAMIC_NO_PIC = NO;
				GCC_NO_COMMON_BLOCKS = YES;
				GCC_OPTIMIZATION_LEVEL = 0;
				GCC_PREPROCESSOR_DEFINITIONS = (
					"DEBUG=1",
					"$(inherited)",
				);
				GCC_WARN_64_TO_32_BIT_CONVERSION = YES;
				GCC_WARN_ABOUT_RETURN_TYPE = YES_ERROR;
				GCC_WARN_UNDECLARED_SELECTOR = YES;
				GCC_WARN_UNINITIALIZED_AUTOS = YES_AGGRESSIVE;
				GCC_WARN_UNUSED_FUNCTION = YES;
				GCC_WARN_UNUSED_VARIABLE = YES;
				LOCALIZATION_PREFERS_STRING_CATALOGS = YES;
				MTL_ENABLE_DEBUG_INFO = INCLUDE_SOURCE;
				MTL_FAST_MATH = YES;
				ONLY_ACTIVE_ARCH = YES;
				STRING_CATALOG_GENERATE_SYMBOLS = YES;
				SWIFT_ACTIVE_COMPILATION_CONDITIONS = "DEBUG $(inherited)";
				SWIFT_OPTIMIZATION_LEVEL = "-Onone";
			};
			name = Debug;
		};
		256683672F00A4F1006D96F3 /* Release */ = {
			isa = XCBuildConfiguration;
			buildSettings = {
				ALWAYS_SEARCH_USER_PATHS = NO;
				ASSETCATALOG_COMPILER_GENERATE_SWIFT_ASSET_SYMBOL_EXTENSIONS = YES;
				CLANG_ANALYZER_NONNULL = YES;
				CLANG_ANALYZER_NUMBER_OBJECT_CONVERSION = YES_AGGRESSIVE;
				CLANG_CXX_LANGUAGE_STANDARD = "gnu++20";
				CLANG_ENABLE_MODULES = YES;
				CLANG_ENABLE_OBJC_ARC = YES;
				CLANG_ENABLE_OBJC_WEAK = YES;
				CLANG_WARN_BLOCK_CAPTURE_AUTORELEASING = YES;
				CLANG_WARN_BOOL_CONVERSION = YES;
				CLANG_WARN_COMMA = YES;
				CLANG_WARN_CONSTANT_CONVERSION = YES;
				CLANG_WARN_DEPRECATED_OBJC_IMPLEMENTATIONS = YES;
				CLANG_WARN_DIRECT_OBJC_ISA_USAGE = YES_ERROR;
				CLANG_WARN_DOCUMENTATION_COMMENTS = YES;
				CLANG_WARN_EMPTY_BODY = YES;
				CLANG_WARN_ENUM_CONVERSION = YES;
				CLANG_WARN_INFINITE_RECURSION = YES;
				CLANG_WARN_INT_CONVERSION = YES;
				CLANG_WARN_NON_LITERAL_NULL_CONVERSION = YES;
				CLANG_WARN_OBJC_IMPLICIT_RETAIN_SELF = YES;
				CLANG_WARN_OBJC_LITERAL_CONVERSION = YES;
				CLANG_WARN_OBJC_ROOT_CLASS = YES_ERROR;
				CLANG_WARN_QUOTED_INCLUDE_IN_FRAMEWORK_HEADER = YES;
				CLANG_WARN_RANGE_LOOP_ANALYSIS = YES;
				CLANG_WARN_STRICT_PROTOTYPES = YES;
				CLANG_WARN_SUSPICIOUS_MOVE = YES;
				CLANG_WARN_UNGUARDED_AVAILABILITY = YES_AGGRESSIVE;
				CLANG_WARN_UNREACHABLE_CODE = YES;
				CLANG_WARN__DUPLICATE_METHOD_MATCH = YES;
				COPY_PHASE_STRIP = NO;
				DEAD_CODE_STRIPPING = YES;
				DEBUG_INFORMATION_FORMAT = "dwarf-with-dsym";
				DEVELOPMENT_TEAM = 9MY7SXN56X;
				ENABLE_NS_ASSERTIONS = NO;
				ENABLE_STRICT_OBJC_MSGSEND = YES;
				ENABLE_USER_SCRIPT_SANDBOXING = YES;
				GCC_C_LANGUAGE_STANDARD = gnu17;
				GCC_NO_COMMON_BLOCKS = YES;
				GCC_WARN_64_TO_32_BIT_CONVERSION = YES;
				GCC_WARN_ABOUT_RETURN_TYPE = YES_ERROR;
				GCC_WARN_UNDECLARED_SELECTOR = YES;
				GCC_WARN_UNINITIALIZED_AUTOS = YES_AGGRESSIVE;
				GCC_WARN_UNUSED_FUNCTION = YES;
				GCC_WARN_UNUSED_VARIABLE = YES;
				LOCALIZATION_PREFERS_STRING_CATALOGS = YES;
				MTL_ENABLE_DEBUG_INFO = NO;
				MTL_FAST_MATH = YES;
				STRING_CATALOG_GENERATE_SYMBOLS = YES;
				SWIFT_COMPILATION_MODE = wholemodule;
			};
			name = Release;
		};
		256683692F00A4F1006D96F3 /* Debug */ = {
			isa = XCBuildConfiguration;
			buildSettings = {
				ASSETCATALOG_COMPILER_APPICON_NAME = AppIcon;
				ASSETCATALOG_COMPILER_GLOBAL_ACCENT_COLOR_NAME = AccentColor;
				"CODE_SIGN_ENTITLEMENTS[sdk=iphoneos*]" = "Noctweave Messaging Client/Noctweave-iOS.entitlements";
				"CODE_SIGN_ENTITLEMENTS[sdk=iphonesimulator*]" = "Noctweave Messaging Client/Noctweave-iOS.entitlements";
				"CODE_SIGN_ENTITLEMENTS[sdk=macosx*]" = "Noctweave Messaging Client/Noctweave Messaging Client.entitlements";
				CODE_SIGN_STYLE = Automatic;
				CURRENT_PROJECT_VERSION = 7;
				DEAD_CODE_STRIPPING = YES;
				DEVELOPMENT_TEAM = 9MY7SXN56X;
				ENABLE_APP_SANDBOX = YES;
				ENABLE_HARDENED_RUNTIME = YES;
				ENABLE_PREVIEWS = YES;
				ENABLE_USER_SELECTED_FILES = readwrite;
				"EXCLUDED_ARCHS[sdk=iphonesimulator*]" = x86_64;
				"EXCLUDED_ARCHS[sdk=macosx*]" = x86_64;
				GENERATE_INFOPLIST_FILE = YES;
				INFOPLIST_FILE = "Noctweave-App-Info.plist";
				INFOPLIST_KEY_CFBundleDisplayName = Noctweave;
				INFOPLIST_KEY_ITSAppUsesNonExemptEncryption = NO;
				INFOPLIST_KEY_LSApplicationCategoryType = "public.app-category.social-networking";
				INFOPLIST_KEY_LSSupportsOpeningDocumentsInPlace = YES;
				"INFOPLIST_KEY_LSSupportsOpeningDocumentsInPlace[sdk=iphoneos*]" = NO;
				"INFOPLIST_KEY_LSSupportsOpeningDocumentsInPlace[sdk=iphonesimulator*]" = NO;
				INFOPLIST_KEY_NSCameraUsageDescription = "Noctweave needs camera access to scan QR contact codes or to send taken pictures.";
				INFOPLIST_KEY_NSFaceIDUsageDescription = "Noctweave uses Face ID to re-authenticate before changing app security settings and to unlock protected content.";
				INFOPLIST_KEY_NSMicrophoneUsageDescription = "Noctweave needs microphone access to record encrypted voice messages.";
				"INFOPLIST_KEY_UIApplicationSceneManifest_Generation[sdk=iphoneos*]" = YES;
				"INFOPLIST_KEY_UIApplicationSceneManifest_Generation[sdk=iphonesimulator*]" = YES;
				"INFOPLIST_KEY_UIApplicationSupportsIndirectInputEvents[sdk=iphoneos*]" = YES;
				"INFOPLIST_KEY_UIApplicationSupportsIndirectInputEvents[sdk=iphonesimulator*]" = YES;
				"INFOPLIST_KEY_UILaunchScreen_Generation[sdk=iphoneos*]" = YES;
				"INFOPLIST_KEY_UILaunchScreen_Generation[sdk=iphonesimulator*]" = YES;
				"INFOPLIST_KEY_UIStatusBarStyle[sdk=iphoneos*]" = UIStatusBarStyleDefault;
				"INFOPLIST_KEY_UIStatusBarStyle[sdk=iphonesimulator*]" = UIStatusBarStyleDefault;
				INFOPLIST_KEY_UISupportedInterfaceOrientations_iPad = "UIInterfaceOrientationPortrait UIInterfaceOrientationPortraitUpsideDown UIInterfaceOrientationLandscapeLeft UIInterfaceOrientationLandscapeRight";
				INFOPLIST_KEY_UISupportedInterfaceOrientations_iPhone = UIInterfaceOrientationPortrait;
				IPHONEOS_DEPLOYMENT_TARGET = 26.0;
				LD_RUNPATH_SEARCH_PATHS = "@executable_path/Frameworks";
				"LD_RUNPATH_SEARCH_PATHS[sdk=macosx*]" = "@executable_path/../Frameworks";
				MACOSX_DEPLOYMENT_TARGET = 26.0;
				MARKETING_VERSION = 1.0.5;
				PRODUCT_BUNDLE_IDENTIFIER = com.luizwidmer.Noctweave;
				PRODUCT_NAME = Noctweave;
				REGISTER_APP_GROUPS = YES;
				SDKROOT = auto;
				STRING_CATALOG_GENERATE_SYMBOLS = YES;
				SUPPORTED_PLATFORMS = "iphoneos iphonesimulator macosx";
				SUPPORTS_MACCATALYST = NO;
				SWIFT_APPROACHABLE_CONCURRENCY = YES;
				SWIFT_DEFAULT_ACTOR_ISOLATION = MainActor;
				SWIFT_EMIT_LOC_STRINGS = YES;
				SWIFT_UPCOMING_FEATURE_MEMBER_IMPORT_VISIBILITY = YES;
				SWIFT_VERSION = 5.0;
				TARGETED_DEVICE_FAMILY = "1,2";
				XROS_DEPLOYMENT_TARGET = 26.0;
			};
			name = Debug;
		};
		2566836A2F00A4F1006D96F3 /* Release */ = {
			isa = XCBuildConfiguration;
			buildSettings = {
				ASSETCATALOG_COMPILER_APPICON_NAME = AppIcon;
				ASSETCATALOG_COMPILER_GLOBAL_ACCENT_COLOR_NAME = AccentColor;
				"CODE_SIGN_ENTITLEMENTS[sdk=iphoneos*]" = "Noctweave Messaging Client/Noctweave-iOS.entitlements";
				"CODE_SIGN_ENTITLEMENTS[sdk=iphonesimulator*]" = "Noctweave Messaging Client/Noctweave-iOS.entitlements";
				"CODE_SIGN_ENTITLEMENTS[sdk=macosx*]" = "Noctweave Messaging Client/Noctweave Messaging Client.entitlements";
				CODE_SIGN_STYLE = Automatic;
				CURRENT_PROJECT_VERSION = 7;
				DEAD_CODE_STRIPPING = YES;
				DEVELOPMENT_TEAM = 9MY7SXN56X;
				ENABLE_APP_SANDBOX = YES;
				ENABLE_HARDENED_RUNTIME = YES;
				ENABLE_PREVIEWS = YES;
				ENABLE_USER_SELECTED_FILES = readwrite;
				"EXCLUDED_ARCHS[sdk=iphonesimulator*]" = x86_64;
				"EXCLUDED_ARCHS[sdk=macosx*]" = x86_64;
				GENERATE_INFOPLIST_FILE = YES;
				INFOPLIST_FILE = "Noctweave-App-Info.plist";
				INFOPLIST_KEY_CFBundleDisplayName = Noctweave;
				INFOPLIST_KEY_ITSAppUsesNonExemptEncryption = NO;
				INFOPLIST_KEY_LSApplicationCategoryType = "public.app-category.social-networking";
				INFOPLIST_KEY_LSSupportsOpeningDocumentsInPlace = YES;
				"INFOPLIST_KEY_LSSupportsOpeningDocumentsInPlace[sdk=iphoneos*]" = NO;
				"INFOPLIST_KEY_LSSupportsOpeningDocumentsInPlace[sdk=iphonesimulator*]" = NO;
				INFOPLIST_KEY_NSCameraUsageDescription = "Noctweave needs camera access to scan QR contact codes or to send taken pictures.";
				INFOPLIST_KEY_NSFaceIDUsageDescription = "Noctweave uses Face ID to re-authenticate before changing app security settings and to unlock protected content.";
				INFOPLIST_KEY_NSMicrophoneUsageDescription = "Noctweave needs microphone access to record encrypted voice messages.";
				"INFOPLIST_KEY_UIApplicationSceneManifest_Generation[sdk=iphoneos*]" = YES;
				"INFOPLIST_KEY_UIApplicationSceneManifest_Generation[sdk=iphonesimulator*]" = YES;
				"INFOPLIST_KEY_UIApplicationSupportsIndirectInputEvents[sdk=iphoneos*]" = YES;
				"INFOPLIST_KEY_UIApplicationSupportsIndirectInputEvents[sdk=iphonesimulator*]" = YES;
				"INFOPLIST_KEY_UILaunchScreen_Generation[sdk=iphoneos*]" = YES;
				"INFOPLIST_KEY_UILaunchScreen_Generation[sdk=iphonesimulator*]" = YES;
				"INFOPLIST_KEY_UIStatusBarStyle[sdk=iphoneos*]" = UIStatusBarStyleDefault;
				"INFOPLIST_KEY_UIStatusBarStyle[sdk=iphonesimulator*]" = UIStatusBarStyleDefault;
				INFOPLIST_KEY_UISupportedInterfaceOrientations_iPad = "UIInterfaceOrientationPortrait UIInterfaceOrientationPortraitUpsideDown UIInterfaceOrientationLandscapeLeft UIInterfaceOrientationLandscapeRight";
				INFOPLIST_KEY_UISupportedInterfaceOrientations_iPhone = UIInterfaceOrientationPortrait;
				IPHONEOS_DEPLOYMENT_TARGET = 26.0;
				LD_RUNPATH_SEARCH_PATHS = "@executable_path/Frameworks";
				"LD_RUNPATH_SEARCH_PATHS[sdk=macosx*]" = "@executable_path/../Frameworks";
				MACOSX_DEPLOYMENT_TARGET = 26.0;
				MARKETING_VERSION = 1.0.5;
				PRODUCT_BUNDLE_IDENTIFIER = com.luizwidmer.Noctweave;
				PRODUCT_NAME = Noctweave;
				REGISTER_APP_GROUPS = YES;
				SDKROOT = auto;
				STRING_CATALOG_GENERATE_SYMBOLS = YES;
				SUPPORTED_PLATFORMS = "iphoneos iphonesimulator macosx";
				SUPPORTS_MACCATALYST = NO;
				SWIFT_APPROACHABLE_CONCURRENCY = YES;
				SWIFT_DEFAULT_ACTOR_ISOLATION = MainActor;
				SWIFT_EMIT_LOC_STRINGS = YES;
				SWIFT_UPCOMING_FEATURE_MEMBER_IMPORT_VISIBILITY = YES;
				SWIFT_VERSION = 5.0;
				TARGETED_DEVICE_FAMILY = "1,2";
				XROS_DEPLOYMENT_TARGET = 26.0;
			};
			name = Release;
		};
		9E5F1C5B2C0A4C009A000007 /* Debug */ = {
			isa = XCBuildConfiguration;
			buildSettings = {
				CODE_SIGN_STYLE = Automatic;
				DEVELOPMENT_TEAM = 9MY7SXN56X;
				GENERATE_INFOPLIST_FILE = YES;
				INFOPLIST_KEY_CFBundleDisplayName = NoctweaveUITests;
				LD_RUNPATH_SEARCH_PATHS = "@executable_path/../Frameworks";
				MACOSX_DEPLOYMENT_TARGET = 26.0;
				PRODUCT_BUNDLE_IDENTIFIER = com.luizwidmer.NoctweaveUITests;
				PRODUCT_NAME = NoctweaveUITests;
				SDKROOT = macosx;
				SUPPORTED_PLATFORMS = macosx;
				SWIFT_VERSION = 5.0;
				TEST_TARGET_NAME = Noctweave;
			};
			name = Debug;
		};
		9E5F1C5B2C0A4C009A000008 /* Release */ = {
			isa = XCBuildConfiguration;
			buildSettings = {
				CODE_SIGN_STYLE = Automatic;
				DEVELOPMENT_TEAM = 9MY7SXN56X;
				GENERATE_INFOPLIST_FILE = YES;
				INFOPLIST_KEY_CFBundleDisplayName = NoctweaveUITests;
				LD_RUNPATH_SEARCH_PATHS = "@executable_path/../Frameworks";
				MACOSX_DEPLOYMENT_TARGET = 26.0;
				PRODUCT_BUNDLE_IDENTIFIER = com.luizwidmer.NoctweaveUITests;
				PRODUCT_NAME = NoctweaveUITests;
				SDKROOT = macosx;
				SUPPORTED_PLATFORMS = macosx;
				SWIFT_VERSION = 5.0;
				TEST_TARGET_NAME = Noctweave;
			};
			name = Release;
		};
		9E5F1C5B2C0A4C009A000017 /* Debug */ = {
			isa = XCBuildConfiguration;
			buildSettings = {
				CODE_SIGN_STYLE = Automatic;
				DEVELOPMENT_TEAM = 9MY7SXN56X;
				GENERATE_INFOPLIST_FILE = YES;
				INFOPLIST_KEY_CFBundleDisplayName = NoctweaveUITests_iOS;
				IPHONEOS_DEPLOYMENT_TARGET = 26.0;
				LD_RUNPATH_SEARCH_PATHS = "@executable_path/Frameworks";
				PRODUCT_BUNDLE_IDENTIFIER = com.luizwidmer.NoctweaveUITests.iOS;
				PRODUCT_NAME = NoctweaveUITests_iOS;
				SDKROOT = iphoneos;
				SUPPORTED_PLATFORMS = "iphoneos iphonesimulator";
				SWIFT_VERSION = 5.0;
				TARGETED_DEVICE_FAMILY = "1,2";
				TEST_TARGET_NAME = Noctweave;
			};
			name = Debug;
		};
		9E5F1C5B2C0A4C009A000018 /* Release */ = {
			isa = XCBuildConfiguration;
			buildSettings = {
				CODE_SIGN_STYLE = Automatic;
				DEVELOPMENT_TEAM = 9MY7SXN56X;
				GENERATE_INFOPLIST_FILE = YES;
				INFOPLIST_KEY_CFBundleDisplayName = NoctweaveUITests_iOS;
				IPHONEOS_DEPLOYMENT_TARGET = 26.0;
				LD_RUNPATH_SEARCH_PATHS = "@executable_path/Frameworks";
				PRODUCT_BUNDLE_IDENTIFIER = com.luizwidmer.NoctweaveUITests.iOS;
				PRODUCT_NAME = NoctweaveUITests_iOS;
				SDKROOT = iphoneos;
				SUPPORTED_PLATFORMS = "iphoneos iphonesimulator";
				SWIFT_VERSION = 5.0;
				TARGETED_DEVICE_FAMILY = "1,2";
				TEST_TARGET_NAME = Noctweave;
			};
			name = Release;
		};
		D1A00000000000000000000A /* Debug */ = {
			isa = XCBuildConfiguration;
			buildSettings = {
				APPLICATION_EXTENSION_API_ONLY = YES;
				CODE_SIGN_ENTITLEMENTS = "Noctweave Sync Activity/Noctweave Sync Activity.entitlements";
				CODE_SIGN_STYLE = Automatic;
				CURRENT_PROJECT_VERSION = 7;
				DEAD_CODE_STRIPPING = YES;
				DEVELOPMENT_TEAM = 9MY7SXN56X;
				GENERATE_INFOPLIST_FILE = NO;
				INFOPLIST_FILE = "Noctweave Sync Activity/Info.plist";
				IPHONEOS_DEPLOYMENT_TARGET = 26.0;
				MARKETING_VERSION = 1.0.5;
				PRODUCT_BUNDLE_IDENTIFIER = com.luizwidmer.Noctweave.SyncActivity;
				PRODUCT_NAME = "$(TARGET_NAME)";
				REGISTER_APP_GROUPS = YES;
				SDKROOT = iphoneos;
				SKIP_INSTALL = YES;
				STRING_CATALOG_GENERATE_SYMBOLS = YES;
				SUPPORTED_PLATFORMS = "iphoneos iphonesimulator";
				SWIFT_APPROACHABLE_CONCURRENCY = YES;
				SWIFT_DEFAULT_ACTOR_ISOLATION = MainActor;
				SWIFT_EMIT_LOC_STRINGS = YES;
				SWIFT_VERSION = 5.0;
				TARGETED_DEVICE_FAMILY = "1,2";
			};
			name = Debug;
		};
		D1A00000000000000000000B /* Release */ = {
			isa = XCBuildConfiguration;
			buildSettings = {
				APPLICATION_EXTENSION_API_ONLY = YES;
				CODE_SIGN_ENTITLEMENTS = "Noctweave Sync Activity/Noctweave Sync Activity.entitlements";
				CODE_SIGN_STYLE = Automatic;
				CURRENT_PROJECT_VERSION = 7;
				DEAD_CODE_STRIPPING = YES;
				DEVELOPMENT_TEAM = 9MY7SXN56X;
				GENERATE_INFOPLIST_FILE = NO;
				INFOPLIST_FILE = "Noctweave Sync Activity/Info.plist";
				IPHONEOS_DEPLOYMENT_TARGET = 26.0;
				MARKETING_VERSION = 1.0.5;
				PRODUCT_BUNDLE_IDENTIFIER = com.luizwidmer.Noctweave.SyncActivity;
				PRODUCT_NAME = "$(TARGET_NAME)";
				REGISTER_APP_GROUPS = YES;
				SDKROOT = iphoneos;
				SKIP_INSTALL = YES;
				STRING_CATALOG_GENERATE_SYMBOLS = YES;
				SUPPORTED_PLATFORMS = "iphoneos iphonesimulator";
				SWIFT_APPROACHABLE_CONCURRENCY = YES;
				SWIFT_COMPILATION_MODE = wholemodule;
				SWIFT_DEFAULT_ACTOR_ISOLATION = MainActor;
				SWIFT_EMIT_LOC_STRINGS = YES;
				SWIFT_VERSION = 5.0;
				TARGETED_DEVICE_FAMILY = "1,2";
			};
			name = Release;
		};
/* End XCBuildConfiguration section */

/* Begin XCConfigurationList section */
		256683582F00A4F0006D96F3 /* Build configuration list for PBXProject "Noctweave Messaging Client" */ = {
			isa = XCConfigurationList;
			buildConfigurations = (
				256683662F00A4F1006D96F3 /* Debug */,
				256683672F00A4F1006D96F3 /* Release */,
			);
			defaultConfigurationIsVisible = 0;
			defaultConfigurationName = Release;
		};
		256683682F00A4F1006D96F3 /* Build configuration list for PBXNativeTarget "Noctweave" */ = {
			isa = XCConfigurationList;
			buildConfigurations = (
				256683692F00A4F1006D96F3 /* Debug */,
				2566836A2F00A4F1006D96F3 /* Release */,
			);
			defaultConfigurationIsVisible = 0;
			defaultConfigurationName = Release;
		};
		9E5F1C5B2C0A4C009A000009 /* Build configuration list for PBXNativeTarget "NoctweaveUITests" */ = {
			isa = XCConfigurationList;
			buildConfigurations = (
				9E5F1C5B2C0A4C009A000007 /* Debug */,
				9E5F1C5B2C0A4C009A000008 /* Release */,
			);
			defaultConfigurationIsVisible = 0;
			defaultConfigurationName = Release;
		};
		9E5F1C5B2C0A4C009A000019 /* Build configuration list for PBXNativeTarget "NoctweaveUITests_iOS" */ = {
			isa = XCConfigurationList;
			buildConfigurations = (
				9E5F1C5B2C0A4C009A000017 /* Debug */,
				9E5F1C5B2C0A4C009A000018 /* Release */,
			);
			defaultConfigurationIsVisible = 0;
			defaultConfigurationName = Release;
		};
		D1A000000000000000000009 /* Build configuration list for PBXNativeTarget "Noctweave Sync Activity" */ = {
			isa = XCConfigurationList;
			buildConfigurations = (
				D1A00000000000000000000A /* Debug */,
				D1A00000000000000000000B /* Release */,
			);
			defaultConfigurationIsVisible = 0;
			defaultConfigurationName = Release;
		};
/* End XCConfigurationList section */

/* Begin XCLocalSwiftPackageReference section */
		A1B2C3D4E5F60718293A4B5C /* XCLocalSwiftPackageReference "../NoctweaveCore" */ = {
			isa = XCLocalSwiftPackageReference;
			relativePath = ../NoctweaveCore;
		};
/* End XCLocalSwiftPackageReference section */

/* Begin XCSwiftPackageProductDependency section */
		B1C2D3E4F5061728394A5B6C /* NoctweaveCore */ = {
			isa = XCSwiftPackageProductDependency;
			package = A1B2C3D4E5F60718293A4B5C /* XCLocalSwiftPackageReference "../NoctweaveCore" */;
			productName = NoctweaveCore;
		};
/* End XCSwiftPackageProductDependency section */
	};
	rootObject = 256683552F00A4F0006D96F3 /* Project object */;
}
